# Generated by Dagger. Pins the images and git refs this workspace uses.
# Any Dagger command may update this file; always commit it with your changes.
# Run `dagger workspace update` to refresh the pinned versions.
[["version","2"]]
["","git-latest",["github.com/sagikazarmark/daggerverse-beta",["tagPrefix","dagger-gha"]],"refs/heads/main"]
["","git-latest",["github.com/sagikazarmark/daggerverse-beta",["tagPrefix","rust"]],"refs/heads/main"]
["","git-sha",["github.com/rustsec/advisory-db","HEAD"],"6477ec04375b913e13f38d966dc49eba9d178cb8"]
["","git-sha",["github.com/sagikazarmark/daggerverse-beta","refs/heads/main"],"b0671fd12a040feaf0f811c70d66199cbbcd24ca"]
["","oci-sha",["docker.io/library/rust:1.98-slim-trixie"],"sha256:f47a8de237dcbb0b0ce1099901e60a89728e3d51f24e664b40e947171538ade7"]