# Generated by Dagger. Pins the images and git refs this workspace uses.
# Any Dagger command may update this file; always commit it with your changes.
# Run `dagger workspace update` to refresh the pinned versions.
[["version","2"]]
["","git-latest",["github.com/sagikazarmark/daggerverse-beta",["tagPrefix","dagger-gha"]],"refs/heads/main"]
["","git-sha",["github.com/sagikazarmark/daggerverse-beta","refs/heads/main"],"07b4569e1a9dcf0cccd9091616c7fc1a094d529b"]